// !$*UTF8*$!
{
	archiveVersion = 1;
	classes = {
	};
	objectVersion = 50;
	objects = {

/* Begin PBXBuildFile section */
		53381F09266C03DE00B26BF5 /* AppDelegate.swift in Sources */ = {isa = PBXBuildFile; fileRef = 53381F08266C03DE00B26BF5 /* AppDelegate.swift */; };
		53381F0B266C03DE00B26BF5 /* SceneDelegate.swift in Sources */ = {isa = PBXBuildFile; fileRef = 53381F0A266C03DE00B26BF5 /* SceneDelegate.swift */; };
		53381F10266C03DE00B26BF5 /* Main.storyboard in Resources */ = {isa = PBXBuildFile; fileRef = 53381F0E266C03DE00B26BF5 /* Main.storyboard */; };
		53381F12266C03DF00B26BF5 /* Assets.xcassets in Resources */ = {isa = PBXBuildFile; fileRef = 53381F11266C03DF00B26BF5 /* Assets.xcassets */; };
		53381F15266C03DF00B26BF5 /* LaunchScreen.storyboard in Resources */ = {isa = PBXBuildFile; fileRef = 53381F13266C03DF00B26BF5 /* LaunchScreen.storyboard */; };
		53412C6326703B0300B110F5 /* WelcomeViewController.swift in Sources */ = {isa = PBXBuildFile; fileRef = 53412C6226703B0300B110F5 /* WelcomeViewController.swift */; };
		53412C6726703B4700B110F5 /* QuestionViewController.swift in Sources */ = {isa = PBXBuildFile; fileRef = 53412C6626703B4700B110F5 /* QuestionViewController.swift */; };
		536A7BCF266DC5D2006B5FDE /* SelectionViewController.swift in Sources */ = {isa = PBXBuildFile; fileRef = 536A7BCE266DC5D2006B5FDE /* SelectionViewController.swift */; };
		536A7BD5266DC662006B5FDE /* AnswerViewController.swift in Sources */ = {isa = PBXBuildFile; fileRef = 536A7BD4266DC662006B5FDE /* AnswerViewController.swift */; };
		536A7BD8266DCDFE006B5FDE /* FortuneTellerModel.swift in Sources */ = {isa = PBXBuildFile; fileRef = 536A7BD7266DCDFE006B5FDE /* FortuneTellerModel.swift */; };
		53D524E22672C263004A4124 /* ModelController.swift in Sources */ = {isa = PBXBuildFile; fileRef = 53D524E12672C263004A4124 /* ModelController.swift */; };
/* End PBXBuildFile section */

/* Begin PBXFileReference section */
		53381F05266C03DE00B26BF5 /* FortuneTeller.app */ = {isa = PBXFileReference; explicitFileType = wrapper.application; includeInIndex = 0; path = FortuneTeller.app; sourceTree = BUILT_PRODUCTS_DIR; };
		53381F08266C03DE00B26BF5 /* AppDelegate.swift */ = {isa = PBXFileReference; lastKnownFileType = sourcecode.swift; path = AppDelegate.swift; sourceTree = "<group>"; };
		53381F0A266C03DE00B26BF5 /* SceneDelegate.swift */ = {isa = PBXFileReference; lastKnownFileType = sourcecode.swift; path = SceneDelegate.swift; sourceTree = "<group>"; };
		53381F0F266C03DE00B26BF5 /* Base */ = {isa = PBXFileReference; lastKnownFileType = file.storyboard; name = Base; path = Base.lproj/Main.storyboard; sourceTree = "<group>"; };
		53381F11266C03DF00B26BF5 /* Assets.xcassets */ = {isa = PBXFileReference; lastKnownFileType = folder.assetcatalog; path = Assets.xcassets; sourceTree = "<group>"; };
		53381F14266C03DF00B26BF5 /* Base */ = {isa = PBXFileReference; lastKnownFileType = file.storyboard; name = Base; path = Base.lproj/LaunchScreen.storyboard; sourceTree = "<group>"; };
		53381F16266C03DF00B26BF5 /* Info.plist */ = {isa = PBXFileReference; lastKnownFileType = text.plist.xml; path = Info.plist; sourceTree = "<group>"; };
		53412C6226703B0300B110F5 /* WelcomeViewController.swift */ = {isa = PBXFileReference; lastKnownFileType = sourcecode.swift; path = WelcomeViewController.swift; sourceTree = "<group>"; };
		53412C6626703B4700B110F5 /* QuestionViewController.swift */ = {isa = PBXFileReference; lastKnownFileType = sourcecode.swift; path = QuestionViewController.swift; sourceTree = "<group>"; };
		536A7BCE266DC5D2006B5FDE /* SelectionViewController.swift */ = {isa = PBXFileReference; lastKnownFileType = sourcecode.swift; path = SelectionViewController.swift; sourceTree = "<group>"; };
		536A7BD4266DC662006B5FDE /* AnswerViewController.swift */ = {isa = PBXFileReference; lastKnownFileType = sourcecode.swift; path = AnswerViewController.swift; sourceTree = "<group>"; };
		536A7BD7266DCDFE006B5FDE /* FortuneTellerModel.swift */ = {isa = PBXFileReference; lastKnownFileType = sourcecode.swift; path = FortuneTellerModel.swift; sourceTree = "<group>"; };
		53D524E12672C263004A4124 /* ModelController.swift */ = {isa = PBXFileReference; lastKnownFileType = sourcecode.swift; path = ModelController.swift; sourceTree = "<group>"; };
/* End PBXFileReference section */

/* Begin PBXFrameworksBuildPhase section */
		53381F02266C03DE00B26BF5 /* Frameworks */ = {
			isa = PBXFrameworksBuildPhase;
			buildActionMask = 2147483647;
			files = (
			);
			runOnlyForDeploymentPostprocessing = 0;
		};
/* End PBXFrameworksBuildPhase section */

/* Begin PBXGroup section */
		53381EFC266C03DE00B26BF5 = {
			isa = PBXGroup;
			children = (
				53381F07266C03DE00B26BF5 /* FortuneTeller */,
				53381F06266C03DE00B26BF5 /* Products */,
			);
			sourceTree = "<group>";
		};
		53381F06266C03DE00B26BF5 /* Products */ = {
			isa = PBXGroup;
			children = (
				53381F05266C03DE00B26BF5 /* FortuneTeller.app */,
			);
			name = Products;
			sourceTree = "<group>";
		};
		53381F07266C03DE00B26BF5 /* FortuneTeller */ = {
			isa = PBXGroup;
			children = (
				53381F08266C03DE00B26BF5 /* AppDelegate.swift */,
				53381F0A266C03DE00B26BF5 /* SceneDelegate.swift */,
				53381F0E266C03DE00B26BF5 /* Main.storyboard */,
				53D524E12672C263004A4124 /* ModelController.swift */,
				536A7BD7266DCDFE006B5FDE /* FortuneTellerModel.swift */,
				53381F11266C03DF00B26BF5 /* Assets.xcassets */,
				53381F13266C03DF00B26BF5 /* LaunchScreen.storyboard */,
				53381F16266C03DF00B26BF5 /* Info.plist */,
				53412C6226703B0300B110F5 /* WelcomeViewController.swift */,
				53412C6626703B4700B110F5 /* QuestionViewController.swift */,
				536A7BCE266DC5D2006B5FDE /* SelectionViewController.swift */,
				536A7BD4266DC662006B5FDE /* AnswerViewController.swift */,
			);
			path = FortuneTeller;
			sourceTree = "<group>";
		};
/* End PBXGroup section */

/* Begin PBXNativeTarget section */
		53381F04266C03DE00B26BF5 /* FortuneTeller */ = {
			isa = PBXNativeTarget;
			buildConfigurationList = 53381F19266C03DF00B26BF5 /* Build configuration list for PBXNativeTarget "FortuneTeller" */;
			buildPhases = (
				53381F01266C03DE00B26BF5 /* Sources */,
				53381F02266C03DE00B26BF5 /* Frameworks */,
				53381F03266C03DE00B26BF5 /* Resources */,
			);
			buildRules = (
			);
			dependencies = (
			);
			name = FortuneTeller;
			productName = FortuneTeller;
			productReference = 53381F05266C03DE00B26BF5 /* FortuneTeller.app */;
			productType = "com.apple.product-type.application";
		};
/* End PBXNativeTarget section */

/* Begin PBXProject section */
		53381EFD266C03DE00B26BF5 /* Project object */ = {
			isa = PBXProject;
			attributes = {
				LastSwiftUpdateCheck = 1240;
				LastUpgradeCheck = 1240;
				TargetAttributes = {
					53381F04266C03DE00B26BF5 = {
						CreatedOnToolsVersion = 12.4;
					};
				};
			};
			buildConfigurationList = 53381F00266C03DE00B26BF5 /* Build configuration list for PBXProject "FortuneTeller" */;
			compatibilityVersion = "Xcode 9.3";
			developmentRegion = en;
			hasScannedForEncodings = 0;
			knownRegions = (
				en,
				Base,
			);
			mainGroup = 53381EFC266C03DE00B26BF5;
			productRefGroup = 53381F06266C03DE00B26BF5 /* Products */;
			projectDirPath = "";
			projectRoot = "";
			targets = (
				53381F04266C03DE00B26BF5 /* FortuneTeller */,
			);
		};
/* End PBXProject section */

/* Begin PBXResourcesBuildPhase section */
		53381F03266C03DE00B26BF5 /* Resources */ = {
			isa = PBXResourcesBuildPhase;
			buildActionMask = 2147483647;
			files = (
				53381F15266C03DF00B26BF5 /* LaunchScreen.storyboard in Resources */,
				53381F12266C03DF00B26BF5 /* Assets.xcassets in Resources */,
				53381F10266C03DE00B26BF5 /* Main.storyboard in Resources */,
			);
			runOnlyForDeploymentPostprocessing = 0;
		};
/* End PBXResourcesBuildPhase section */

/* Begin PBXSourcesBuildPhase section */
		53381F01266C03DE00B26BF5 /* Sources */ = {
			isa = PBXSourcesBuildPhase;
			buildActionMask = 2147483647;
			files = (
				536A7BD5266DC662006B5FDE /* AnswerViewController.swift in Sources */,
				536A7BCF266DC5D2006B5FDE /* SelectionViewController.swift in Sources */,
				53412C6726703B4700B110F5 /* QuestionViewController.swift in Sources */,
				536A7BD8266DCDFE006B5FDE /* FortuneTellerModel.swift in Sources */,
				53381F09266C03DE00B26BF5 /* AppDelegate.swift in Sources */,
				53D524E22672C263004A4124 /* ModelController.swift in Sources */,
				53381F0B266C03DE00B26BF5 /* SceneDelegate.swift in Sources */,
				53412C6326703B0300B110F5 /* WelcomeViewController.swift in Sources */,
			);
			runOnlyForDeploymentPostprocessing = 0;
		};
/* End PBXSourcesBuildPhase section */

/* Begin PBXVariantGroup section */
		53381F0E266C03DE00B26BF5 /* Main.storyboard */ = {
			isa = PBXVariantGroup;
			children = (
				53381F0F266C03DE00B26BF5 /* Base */,
			);
			name = Main.storyboard;
			sourceTree = "<group>";
		};
		53381F13266C03DF00B26BF5 /* LaunchScreen.storyboard */ = {
			isa = PBXVariantGroup;
			children = (
				53381F14266C03DF00B26BF5 /* Base */,
			);
			name = LaunchScreen.storyboard;
			sourceTree = "<group>";
		};
/* End PBXVariantGroup section */

/* Begin XCBuildConfiguration section */
		53381F17266C03DF00B26BF5 /* Debug */ = {
			isa = XCBuildConfiguration;
			buildSettings = {
				ALWAYS_SEARCH_USER_PATHS = NO;
				CLANG_ANALYZER_NONNULL = YES;
				CLANG_ANALYZER_NUMBER_OBJECT_CONVERSION = YES_AGGRESSIVE;
				CLANG_CXX_LANGUAGE_STANDARD = "gnu++14";
				CLANG_CXX_LIBRARY = "libc++";
				CLANG_ENABLE_MODULES = YES;
				CLANG_ENABLE_OBJC_ARC = YES;
				CLANG_ENABLE_OBJC_WEAK = YES;
				CLANG_WARN_BLOCK_CAPTURE_AUTORELEASING = YES;
				CLANG_WARN_BOOL_CONVERSION = YES;
				CLANG_WARN_COMMA = YES;
				CLANG_WARN_CONSTANT_CONVERSION = YES;
				CLANG_WARN_DEPRECATED_OBJC_IMPLEMENTATIONS = YES;
				CLANG_WARN_DIRECT_OBJC_ISA_USAGE = YES_ERROR;
				CLANG_WARN_DOCUMENTATION_COMMENTS = YES;
				CLANG_WARN_EMPTY_BODY = YES;
				CLANG_WARN_ENUM_CONVERSION = YES;
				CLANG_WARN_INFINITE_RECURSION = YES;
				CLANG_WARN_INT_CONVERSION = YES;
				CLANG_WARN_NON_LITERAL_NULL_CONVERSION = YES;
				CLANG_WARN_OBJC_IMPLICIT_RETAIN_SELF = YES;
				CLANG_WARN_OBJC_LITERAL_CONVERSION = YES;
				CLANG_WARN_OBJC_ROOT_CLASS = YES_ERROR;
				CLANG_WARN_QUOTED_INCLUDE_IN_FRAMEWORK_HEADER = YES;
				CLANG_WARN_RANGE_LOOP_ANALYSIS = YES;
				CLANG_WARN_STRICT_PROTOTYPES = YES;
				CLANG_WARN_SUSPICIOUS_MOVE = YES;
				CLANG_WARN_UNGUARDED_AVAILABILITY = YES_AGGRESSIVE;
				CLANG_WARN_UNREACHABLE_CODE = YES;
				CLANG_WARN__DUPLICATE_METHOD_MATCH = YES;
				COPY_PHASE_STRIP = NO;
				DEBUG_INFORMATION_FORMAT = dwarf;
				ENABLE_STRICT_OBJC_MSGSEND = YES;
				ENABLE_TESTABILITY = YES;
				GCC_C_LANGUAGE_STANDARD = gnu11;
				GCC_DYNAMIC_NO_PIC = NO;
				GCC_NO_COMMON_BLOCKS = YES;
				GCC_OPTIMIZATION_LEVEL = 0;
				GCC_PREPROCESSOR_DEFINITIONS = (
					"DEBUG=1",
					"$(inherited)",
				);
				GCC_WARN_64_TO_32_BIT_CONVERSION = YES;
				GCC_WARN_ABOUT_RETURN_TYPE = YES_ERROR;
				GCC_WARN_UNDECLARED_SELECTOR = YES;
				GCC_WARN_UNINITIALIZED_AUTOS = YES_AGGRESSIVE;
				GCC_WARN_UNUSED_FUNCTION = YES;
				GCC_WARN_UNUSED_VARIABLE = YES;
				IPHONEOS_DEPLOYMENT_TARGET = 14.4;
				MTL_ENABLE_DEBUG_INFO = INCLUDE_SOURCE;
				MTL_FAST_MATH = YES;
				ONLY_ACTIVE_ARCH = YES;
				SDKROOT = iphoneos;
				SWIFT_ACTIVE_COMPILATION_CONDITIONS = DEBUG;
				SWIFT_OPTIMIZATION_LEVEL = "-Onone";
			};
			name = Debug;
		};
		53381F18266C03DF00B26BF5 /* Release */ = {
			isa = XCBuildConfiguration;
			buildSettings = {
				ALWAYS_SEARCH_USER_PATHS = NO;
				CLANG_ANALYZER_NONNULL = YES;
				CLANG_ANALYZER_NUMBER_OBJECT_CONVERSION = YES_AGGRESSIVE;
				CLANG_CXX_LANGUAGE_STANDARD = "gnu++14";
				CLANG_CXX_LIBRARY = "libc++";
				CLANG_ENABLE_MODULES = YES;
				CLANG_ENABLE_OBJC_ARC = YES;
				CLANG_ENABLE_OBJC_WEAK = YES;
				CLANG_WARN_BLOCK_CAPTURE_AUTORELEASING = YES;
				CLANG_WARN_BOOL_CONVERSION = YES;
				CLANG_WARN_COMMA = YES;
				CLANG_WARN_CONSTANT_CONVERSION = YES;
				CLANG_WARN_DEPRECATED_OBJC_IMPLEMENTATIONS = YES;
				CLANG_WARN_DIRECT_OBJC_ISA_USAGE = YES_ERROR;
				CLANG_WARN_DOCUMENTATION_COMMENTS = YES;
				CLANG_WARN_EMPTY_BODY = YES;
				CLANG_WARN_ENUM_CONVERSION = YES;
				CLANG_WARN_INFINITE_RECURSION = YES;
				CLANG_WARN_INT_CONVERSION = YES;
				CLANG_WARN_NON_LITERAL_NULL_CONVERSION = YES;
				CLANG_WARN_OBJC_IMPLICIT_RETAIN_SELF = YES;
				CLANG_WARN_OBJC_LITERAL_CONVERSION = YES;
				CLANG_WARN_OBJC_ROOT_CLASS = YES_ERROR;
				CLANG_WARN_QUOTED_INCLUDE_IN_FRAMEWORK_HEADER = YES;
				CLANG_WARN_RANGE_LOOP_ANALYSIS = YES;
				CLANG_WARN_STRICT_PROTOTYPES = YES;
				CLANG_WARN_SUSPICIOUS_MOVE = YES;
				CLANG_WARN_UNGUARDED_AVAILABILITY = YES_AGGRESSIVE;
				CLANG_WARN_UNREACHABLE_CODE = YES;
				CLANG_WARN__DUPLICATE_METHOD_MATCH = YES;
				COPY_PHASE_STRIP = NO;
				DEBUG_INFORMATION_FORMAT = "dwarf-with-dsym";
				ENABLE_NS_ASSERTIONS = NO;
				ENABLE_STRICT_OBJC_MSGSEND = YES;
				GCC_C_LANGUAGE_STANDARD = gnu11;
				GCC_NO_COMMON_BLOCKS = YES;
				GCC_WARN_64_TO_32_BIT_CONVERSION = YES;
				GCC_WARN_ABOUT_RETURN_TYPE = YES_ERROR;
				GCC_WARN_UNDECLARED_SELECTOR = YES;
				GCC_WARN_UNINITIALIZED_AUTOS = YES_AGGRESSIVE;
				GCC_WARN_UNUSED_FUNCTION = YES;
				GCC_WARN_UNUSED_VARIABLE = YES;
				IPHONEOS_DEPLOYMENT_TARGET = 14.4;
				MTL_ENABLE_DEBUG_INFO = NO;
				MTL_FAST_MATH = YES;
				SDKROOT = iphoneos;
				SWIFT_COMPILATION_MODE = wholemodule;
				SWIFT_OPTIMIZATION_LEVEL = "-O";
				VALIDATE_PRODUCT = YES;
			};
			name = Release;
		};
		53381F1A266C03DF00B26BF5 /* Debug */ = {
			isa = XCBuildConfiguration;
			buildSettings = {
				ASSETCATALOG_COMPILER_APPICON_NAME = AppIcon;
				ASSETCATALOG_COMPILER_GLOBAL_ACCENT_COLOR_NAME = AccentColor;
				CODE_SIGN_STYLE = Automatic;
				INFOPLIST_FILE = FortuneTeller/Info.plist;
				LD_RUNPATH_SEARCH_PATHS = (
					"$(inherited)",
					"@executable_path/Frameworks",
				);
				PRODUCT_BUNDLE_IDENTIFIER = com.mindydouglas.FortuneTeller;
				PRODUCT_NAME = "$(TARGET_NAME)";
				SWIFT_VERSION = 5.0;
				TARGETED_DEVICE_FAMILY = "1,2";
			};
			name = Debug;
		};
		53381F1B266C03DF00B26BF5 /* Release */ = {
			isa = XCBuildConfiguration;
			buildSettings = {
				ASSETCATALOG_COMPILER_APPICON_NAME = AppIcon;
				ASSETCATALOG_COMPILER_GLOBAL_ACCENT_COLOR_NAME = AccentColor;
				CODE_SIGN_STYLE = Automatic;
				INFOPLIST_FILE = FortuneTeller/Info.plist;
				LD_RUNPATH_SEARCH_PATHS = (
					"$(inherited)",
					"@executable_path/Frameworks",
				);
				PRODUCT_BUNDLE_IDENTIFIER = com.mindydouglas.FortuneTeller;
				PRODUCT_NAME = "$(TARGET_NAME)";
				SWIFT_VERSION = 5.0;
				TARGETED_DEVICE_FAMILY = "1,2";
			};
			name = Release;
		};
/* End XCBuildConfiguration section */

/* Begin XCConfigurationList section */
		53381F00266C03DE00B26BF5 /* Build configuration list for PBXProject "FortuneTeller" */ = {
			isa = XCConfigurationList;
			buildConfigurations = (
				53381F17266C03DF00B26BF5 /* Debug */,
				53381F18266C03DF00B26BF5 /* Release */,
			);
			defaultConfigurationIsVisible = 0;
			defaultConfigurationName = Release;
		};
		53381F19266C03DF00B26BF5 /* Build configuration list for PBXNativeTarget "FortuneTeller" */ = {
			isa = XCConfigurationList;
			buildConfigurations = (
				53381F1A266C03DF00B26BF5 /* Debug */,
				53381F1B266C03DF00B26BF5 /* Release */,
			);
			defaultConfigurationIsVisible = 0;
			defaultConfigurationName = Release;
		};
/* End XCConfigurationList section */
	};
	rootObject = 53381EFD266C03DE00B26BF5 /* Project object */;
}
